<?xml version="1.0" encoding="utf-8"?>
<Project ToolsVersion="16.0" xmlns="http://schemas.microsoft.com/developer/msbuild/2003">
  <ItemGroup>
    <CustomBuild Include="C:\SAE\SAE921-GRP4100-CPlusPlus-Class-SStyles-SFML\SAE921-GPR4100-SFML-Build\CMakeFiles\405e2266c91b4097c682495aef964e40\wall.jpg.rule">
      <Filter>CMake Rules</Filter>
    </CustomBuild>
    <CustomBuild Include="C:\SAE\SAE921-GRP4100-CPlusPlus-Class-SStyles-SFML\SAE921-GPR4100-SFML-Build\CMakeFiles\47275434c66ac24317a6966e1c53cc9a\DataTarget-02-Graphics.rule">
      <Filter>CMake Rules</Filter>
    </CustomBuild>
    <CustomBuild Include="C:\SAE\SAE921-GRP4100-CPlusPlus-Class-SStyles-SFML\SAE921-GRP4100-SFML\02-Graphics\CMakeLists.txt" />
  </ItemGroup>
  <ItemGroup>
    <None Include="C:\SAE\SAE921-GRP4100-CPlusPlus-Class-SStyles-SFML\SAE921-GPR4100-SFML-Build\02-Graphics\CMakeFiles\DataTarget-02-Graphics" />
  </ItemGroup>
  <ItemGroup>
    <Filter Include="CMake Rules">
      <UniqueIdentifier>{1F355D2A-0572-3633-9EA1-1DB752D68351}</UniqueIdentifier>
    </Filter>
  </ItemGroup>
</Project>
