
Microsoft Visual Studio Solution File, Format Version 12.00
# Visual Studio Version 16
Project("{2150E333-8FDC-42A3-9474-1A3956D46DE8}") = "CMakePredefinedTargets", "CMakePredefinedTargets", "{B343E572-07A1-3B92-9A53-525FF7E6CEFE}"
EndProject
Project("{8BC9CEB8-8B4A-11D0-8D11-00A0C91BC942}") = "ALL_BUILD", "ALL_BUILD.vcxproj", "{B4CCE1D2-93D0-3737-8BFC-902BD5E1E61B}"
	ProjectSection(ProjectDependencies) = postProject
		{E679407D-D536-3A2E-9292-8CA94D9613C7} = {E679407D-D536-3A2E-9292-8CA94D9613C7}
		{829BCED0-BFCF-3B3F-9D0D-14DCA054057D} = {829BCED0-BFCF-3B3F-9D0D-14DCA054057D}
		{9EB531CB-248A-3BB0-A9D8-B1DED4C6110E} = {9EB531CB-248A-3BB0-A9D8-B1DED4C6110E}
		{925B2A57-4014-3917-AAB3-755C24FFC759} = {925B2A57-4014-3917-AAB3-755C24FFC759}
		{F26EF5F0-0117-37C6-9EA7-45A63BF21C7F} = {F26EF5F0-0117-37C6-9EA7-45A63BF21C7F}
		{BFD253B8-201E-39EA-ACEE-202A5BE6B34B} = {BFD253B8-201E-39EA-ACEE-202A5BE6B34B}
		{6756AAEA-CEDB-3E70-B39E-1B8BB46EAF4E} = {6756AAEA-CEDB-3E70-B39E-1B8BB46EAF4E}
		{8591B249-299A-301F-9FF0-0242E1C97CFC} = {8591B249-299A-301F-9FF0-0242E1C97CFC}
		{C3F0BF61-18D8-30E1-8E19-A10F32B4CE9E} = {C3F0BF61-18D8-30E1-8E19-A10F32B4CE9E}
		{A5D1A472-CFF7-3E8C-8891-F015C3201D36} = {A5D1A472-CFF7-3E8C-8891-F015C3201D36}
	EndProjectSection
EndProject
Project("{8BC9CEB8-8B4A-11D0-8D11-00A0C91BC942}") = "00-Starter", "00-Starter\00-Starter.vcxproj", "{E679407D-D536-3A2E-9292-8CA94D9613C7}"
	ProjectSection(ProjectDependencies) = postProject
		{F2C23663-D313-3C79-B068-82737ED70DA3} = {F2C23663-D313-3C79-B068-82737ED70DA3}
		{A5D1A472-CFF7-3E8C-8891-F015C3201D36} = {A5D1A472-CFF7-3E8C-8891-F015C3201D36}
	EndProjectSection
EndProject
Project("{8BC9CEB8-8B4A-11D0-8D11-00A0C91BC942}") = "01-Window", "01-Window\01-Window.vcxproj", "{829BCED0-BFCF-3B3F-9D0D-14DCA054057D}"
	ProjectSection(ProjectDependencies) = postProject
		{3B424849-4087-3801-A4F3-AC74EF93D737} = {3B424849-4087-3801-A4F3-AC74EF93D737}
		{A5D1A472-CFF7-3E8C-8891-F015C3201D36} = {A5D1A472-CFF7-3E8C-8891-F015C3201D36}
	EndProjectSection
EndProject
Project("{8BC9CEB8-8B4A-11D0-8D11-00A0C91BC942}") = "02-Graphics", "02-Graphics\02-Graphics.vcxproj", "{9EB531CB-248A-3BB0-A9D8-B1DED4C6110E}"
	ProjectSection(ProjectDependencies) = postProject
		{0FCA1833-51A1-32E4-AED9-4774C91F098E} = {0FCA1833-51A1-32E4-AED9-4774C91F098E}
		{A5D1A472-CFF7-3E8C-8891-F015C3201D36} = {A5D1A472-CFF7-3E8C-8891-F015C3201D36}
	EndProjectSection
EndProject
Project("{8BC9CEB8-8B4A-11D0-8D11-00A0C91BC942}") = "03a-Events", "03a-Events\03a-Events.vcxproj", "{925B2A57-4014-3917-AAB3-755C24FFC759}"
	ProjectSection(ProjectDependencies) = postProject
		{A68804AB-79B5-3A6E-B07E-2EBE611596A6} = {A68804AB-79B5-3A6E-B07E-2EBE611596A6}
		{A5D1A472-CFF7-3E8C-8891-F015C3201D36} = {A5D1A472-CFF7-3E8C-8891-F015C3201D36}
	EndProjectSection
EndProject
Project("{8BC9CEB8-8B4A-11D0-8D11-00A0C91BC942}") = "03b-Events", "03b-Events\03b-Events.vcxproj", "{F26EF5F0-0117-37C6-9EA7-45A63BF21C7F}"
	ProjectSection(ProjectDependencies) = postProject
		{67AC351C-23DC-35F5-87EF-5C8A9CBE2210} = {67AC351C-23DC-35F5-87EF-5C8A9CBE2210}
		{A5D1A472-CFF7-3E8C-8891-F015C3201D36} = {A5D1A472-CFF7-3E8C-8891-F015C3201D36}
	EndProjectSection
EndProject
Project("{8BC9CEB8-8B4A-11D0-8D11-00A0C91BC942}") = "03c-Events", "03c-Events\03c-Events.vcxproj", "{BFD253B8-201E-39EA-ACEE-202A5BE6B34B}"
	ProjectSection(ProjectDependencies) = postProject
		{9F6FBFA1-4A8E-3592-A6D0-DB8DFAB894E6} = {9F6FBFA1-4A8E-3592-A6D0-DB8DFAB894E6}
		{A5D1A472-CFF7-3E8C-8891-F015C3201D36} = {A5D1A472-CFF7-3E8C-8891-F015C3201D36}
	EndProjectSection
EndProject
Project("{8BC9CEB8-8B4A-11D0-8D11-00A0C91BC942}") = "04-Animation", "04-Animation\04-Animation.vcxproj", "{6756AAEA-CEDB-3E70-B39E-1B8BB46EAF4E}"
	ProjectSection(ProjectDependencies) = postProject
		{4BC2C7E9-21FB-3722-8D83-12F506E98DAA} = {4BC2C7E9-21FB-3722-8D83-12F506E98DAA}
		{A5D1A472-CFF7-3E8C-8891-F015C3201D36} = {A5D1A472-CFF7-3E8C-8891-F015C3201D36}
	EndProjectSection
EndProject
Project("{8BC9CEB8-8B4A-11D0-8D11-00A0C91BC942}") = "05-Sound", "05-Sound\05-Sound.vcxproj", "{8591B249-299A-301F-9FF0-0242E1C97CFC}"
	ProjectSection(ProjectDependencies) = postProject
		{4B3F7894-53CC-37F5-8AFC-6056E260B28E} = {4B3F7894-53CC-37F5-8AFC-6056E260B28E}
		{A5D1A472-CFF7-3E8C-8891-F015C3201D36} = {A5D1A472-CFF7-3E8C-8891-F015C3201D36}
	EndProjectSection
EndProject
Project("{8BC9CEB8-8B4A-11D0-8D11-00A0C91BC942}") = "DataTarget-00-Starter", "00-Starter\DataTarget-00-Starter.vcxproj", "{F2C23663-D313-3C79-B068-82737ED70DA3}"
	ProjectSection(ProjectDependencies) = postProject
		{A5D1A472-CFF7-3E8C-8891-F015C3201D36} = {A5D1A472-CFF7-3E8C-8891-F015C3201D36}
	EndProjectSection
EndProject
Project("{8BC9CEB8-8B4A-11D0-8D11-00A0C91BC942}") = "DataTarget-01-Window", "01-Window\DataTarget-01-Window.vcxproj", "{3B424849-4087-3801-A4F3-AC74EF93D737}"
	ProjectSection(ProjectDependencies) = postProject
		{A5D1A472-CFF7-3E8C-8891-F015C3201D36} = {A5D1A472-CFF7-3E8C-8891-F015C3201D36}
	EndProjectSection
EndProject
Project("{8BC9CEB8-8B4A-11D0-8D11-00A0C91BC942}") = "DataTarget-02-Graphics", "02-Graphics\DataTarget-02-Graphics.vcxproj", "{0FCA1833-51A1-32E4-AED9-4774C91F098E}"
	ProjectSection(ProjectDependencies) = postProject
		{A5D1A472-CFF7-3E8C-8891-F015C3201D36} = {A5D1A472-CFF7-3E8C-8891-F015C3201D36}
	EndProjectSection
EndProject
Project("{8BC9CEB8-8B4A-11D0-8D11-00A0C91BC942}") = "DataTarget-03a-Events", "03a-Events\DataTarget-03a-Events.vcxproj", "{A68804AB-79B5-3A6E-B07E-2EBE611596A6}"
	ProjectSection(ProjectDependencies) = postProject
		{A5D1A472-CFF7-3E8C-8891-F015C3201D36} = {A5D1A472-CFF7-3E8C-8891-F015C3201D36}
	EndProjectSection
EndProject
Project("{8BC9CEB8-8B4A-11D0-8D11-00A0C91BC942}") = "DataTarget-03b-Events", "03b-Events\DataTarget-03b-Events.vcxproj", "{67AC351C-23DC-35F5-87EF-5C8A9CBE2210}"
	ProjectSection(ProjectDependencies) = postProject
		{A5D1A472-CFF7-3E8C-8891-F015C3201D36} = {A5D1A472-CFF7-3E8C-8891-F015C3201D36}
	EndProjectSection
EndProject
Project("{8BC9CEB8-8B4A-11D0-8D11-00A0C91BC942}") = "DataTarget-03c-Events", "03c-Events\DataTarget-03c-Events.vcxproj", "{9F6FBFA1-4A8E-3592-A6D0-DB8DFAB894E6}"
	ProjectSection(ProjectDependencies) = postProject
		{A5D1A472-CFF7-3E8C-8891-F015C3201D36} = {A5D1A472-CFF7-3E8C-8891-F015C3201D36}
	EndProjectSection
EndProject
Project("{8BC9CEB8-8B4A-11D0-8D11-00A0C91BC942}") = "DataTarget-04-Animation", "04-Animation\DataTarget-04-Animation.vcxproj", "{4BC2C7E9-21FB-3722-8D83-12F506E98DAA}"
	ProjectSection(ProjectDependencies) = postProject
		{A5D1A472-CFF7-3E8C-8891-F015C3201D36} = {A5D1A472-CFF7-3E8C-8891-F015C3201D36}
	EndProjectSection
EndProject
Project("{8BC9CEB8-8B4A-11D0-8D11-00A0C91BC942}") = "DataTarget-05-Sound", "05-Sound\DataTarget-05-Sound.vcxproj", "{4B3F7894-53CC-37F5-8AFC-6056E260B28E}"
	ProjectSection(ProjectDependencies) = postProject
		{A5D1A472-CFF7-3E8C-8891-F015C3201D36} = {A5D1A472-CFF7-3E8C-8891-F015C3201D36}
	EndProjectSection
EndProject
Project("{8BC9CEB8-8B4A-11D0-8D11-00A0C91BC942}") = "DataTarget-Formative-10.0-Flags", "Formative-10.0-Flags\DataTarget-Formative-10.0-Flags.vcxproj", "{0BA33E90-3E2D-3D0E-8EFC-842E42D47846}"
	ProjectSection(ProjectDependencies) = postProject
		{A5D1A472-CFF7-3E8C-8891-F015C3201D36} = {A5D1A472-CFF7-3E8C-8891-F015C3201D36}
	EndProjectSection
EndProject
Project("{8BC9CEB8-8B4A-11D0-8D11-00A0C91BC942}") = "Formative-10.0-Flags", "Formative-10.0-Flags\Formative-10.0-Flags.vcxproj", "{C3F0BF61-18D8-30E1-8E19-A10F32B4CE9E}"
	ProjectSection(ProjectDependencies) = postProject
		{0BA33E90-3E2D-3D0E-8EFC-842E42D47846} = {0BA33E90-3E2D-3D0E-8EFC-842E42D47846}
		{A5D1A472-CFF7-3E8C-8891-F015C3201D36} = {A5D1A472-CFF7-3E8C-8891-F015C3201D36}
	EndProjectSection
EndProject
Project("{8BC9CEB8-8B4A-11D0-8D11-00A0C91BC942}") = "ZERO_CHECK", "ZERO_CHECK.vcxproj", "{A5D1A472-CFF7-3E8C-8891-F015C3201D36}"
	ProjectSection(ProjectDependencies) = postProject
	EndProjectSection
EndProject
Global
	GlobalSection(SolutionConfigurationPlatforms) = preSolution
		Debug|x64 = Debug|x64
		Release|x64 = Release|x64
		MinSizeRel|x64 = MinSizeRel|x64
		RelWithDebInfo|x64 = RelWithDebInfo|x64
	EndGlobalSection
	GlobalSection(ProjectConfigurationPlatforms) = postSolution
		{B4CCE1D2-93D0-3737-8BFC-902BD5E1E61B}.Debug|x64.ActiveCfg = Debug|x64
		{B4CCE1D2-93D0-3737-8BFC-902BD5E1E61B}.Release|x64.ActiveCfg = Release|x64
		{B4CCE1D2-93D0-3737-8BFC-902BD5E1E61B}.MinSizeRel|x64.ActiveCfg = MinSizeRel|x64
		{B4CCE1D2-93D0-3737-8BFC-902BD5E1E61B}.RelWithDebInfo|x64.ActiveCfg = RelWithDebInfo|x64
		{E679407D-D536-3A2E-9292-8CA94D9613C7}.Debug|x64.ActiveCfg = Debug|x64
		{E679407D-D536-3A2E-9292-8CA94D9613C7}.Debug|x64.Build.0 = Debug|x64
		{E679407D-D536-3A2E-9292-8CA94D9613C7}.Release|x64.ActiveCfg = Release|x64
		{E679407D-D536-3A2E-9292-8CA94D9613C7}.Release|x64.Build.0 = Release|x64
		{E679407D-D536-3A2E-9292-8CA94D9613C7}.MinSizeRel|x64.ActiveCfg = MinSizeRel|x64
		{E679407D-D536-3A2E-9292-8CA94D9613C7}.MinSizeRel|x64.Build.0 = MinSizeRel|x64
		{E679407D-D536-3A2E-9292-8CA94D9613C7}.RelWithDebInfo|x64.ActiveCfg = RelWithDebInfo|x64
		{E679407D-D536-3A2E-9292-8CA94D9613C7}.RelWithDebInfo|x64.Build.0 = RelWithDebInfo|x64
		{829BCED0-BFCF-3B3F-9D0D-14DCA054057D}.Debug|x64.ActiveCfg = Debug|x64
		{829BCED0-BFCF-3B3F-9D0D-14DCA054057D}.Debug|x64.Build.0 = Debug|x64
		{829BCED0-BFCF-3B3F-9D0D-14DCA054057D}.Release|x64.ActiveCfg = Release|x64
		{829BCED0-BFCF-3B3F-9D0D-14DCA054057D}.Release|x64.Build.0 = Release|x64
		{829BCED0-BFCF-3B3F-9D0D-14DCA054057D}.MinSizeRel|x64.ActiveCfg = MinSizeRel|x64
		{829BCED0-BFCF-3B3F-9D0D-14DCA054057D}.MinSizeRel|x64.Build.0 = MinSizeRel|x64
		{829BCED0-BFCF-3B3F-9D0D-14DCA054057D}.RelWithDebInfo|x64.ActiveCfg = RelWithDebInfo|x64
		{829BCED0-BFCF-3B3F-9D0D-14DCA054057D}.RelWithDebInfo|x64.Build.0 = RelWithDebInfo|x64
		{9EB531CB-248A-3BB0-A9D8-B1DED4C6110E}.Debug|x64.ActiveCfg = Debug|x64
		{9EB531CB-248A-3BB0-A9D8-B1DED4C6110E}.Debug|x64.Build.0 = Debug|x64
		{9EB531CB-248A-3BB0-A9D8-B1DED4C6110E}.Release|x64.ActiveCfg = Release|x64
		{9EB531CB-248A-3BB0-A9D8-B1DED4C6110E}.Release|x64.Build.0 = Release|x64
		{9EB531CB-248A-3BB0-A9D8-B1DED4C6110E}.MinSizeRel|x64.ActiveCfg = MinSizeRel|x64
		{9EB531CB-248A-3BB0-A9D8-B1DED4C6110E}.MinSizeRel|x64.Build.0 = MinSizeRel|x64
		{9EB531CB-248A-3BB0-A9D8-B1DED4C6110E}.RelWithDebInfo|x64.ActiveCfg = RelWithDebInfo|x64
		{9EB531CB-248A-3BB0-A9D8-B1DED4C6110E}.RelWithDebInfo|x64.Build.0 = RelWithDebInfo|x64
		{925B2A57-4014-3917-AAB3-755C24FFC759}.Debug|x64.ActiveCfg = Debug|x64
		{925B2A57-4014-3917-AAB3-755C24FFC759}.Debug|x64.Build.0 = Debug|x64
		{925B2A57-4014-3917-AAB3-755C24FFC759}.Release|x64.ActiveCfg = Release|x64
		{925B2A57-4014-3917-AAB3-755C24FFC759}.Release|x64.Build.0 = Release|x64
		{925B2A57-4014-3917-AAB3-755C24FFC759}.MinSizeRel|x64.ActiveCfg = MinSizeRel|x64
		{925B2A57-4014-3917-AAB3-755C24FFC759}.MinSizeRel|x64.Build.0 = MinSizeRel|x64
		{925B2A57-4014-3917-AAB3-755C24FFC759}.RelWithDebInfo|x64.ActiveCfg = RelWithDebInfo|x64
		{925B2A57-4014-3917-AAB3-755C24FFC759}.RelWithDebInfo|x64.Build.0 = RelWithDebInfo|x64
		{F26EF5F0-0117-37C6-9EA7-45A63BF21C7F}.Debug|x64.ActiveCfg = Debug|x64
		{F26EF5F0-0117-37C6-9EA7-45A63BF21C7F}.Debug|x64.Build.0 = Debug|x64
		{F26EF5F0-0117-37C6-9EA7-45A63BF21C7F}.Release|x64.ActiveCfg = Release|x64
		{F26EF5F0-0117-37C6-9EA7-45A63BF21C7F}.Release|x64.Build.0 = Release|x64
		{F26EF5F0-0117-37C6-9EA7-45A63BF21C7F}.MinSizeRel|x64.ActiveCfg = MinSizeRel|x64
		{F26EF5F0-0117-37C6-9EA7-45A63BF21C7F}.MinSizeRel|x64.Build.0 = MinSizeRel|x64
		{F26EF5F0-0117-37C6-9EA7-45A63BF21C7F}.RelWithDebInfo|x64.ActiveCfg = RelWithDebInfo|x64
		{F26EF5F0-0117-37C6-9EA7-45A63BF21C7F}.RelWithDebInfo|x64.Build.0 = RelWithDebInfo|x64
		{BFD253B8-201E-39EA-ACEE-202A5BE6B34B}.Debug|x64.ActiveCfg = Debug|x64
		{BFD253B8-201E-39EA-ACEE-202A5BE6B34B}.Debug|x64.Build.0 = Debug|x64
		{BFD253B8-201E-39EA-ACEE-202A5BE6B34B}.Release|x64.ActiveCfg = Release|x64
		{BFD253B8-201E-39EA-ACEE-202A5BE6B34B}.Release|x64.Build.0 = Release|x64
		{BFD253B8-201E-39EA-ACEE-202A5BE6B34B}.MinSizeRel|x64.ActiveCfg = MinSizeRel|x64
		{BFD253B8-201E-39EA-ACEE-202A5BE6B34B}.MinSizeRel|x64.Build.0 = MinSizeRel|x64
		{BFD253B8-201E-39EA-ACEE-202A5BE6B34B}.RelWithDebInfo|x64.ActiveCfg = RelWithDebInfo|x64
		{BFD253B8-201E-39EA-ACEE-202A5BE6B34B}.RelWithDebInfo|x64.Build.0 = RelWithDebInfo|x64
		{6756AAEA-CEDB-3E70-B39E-1B8BB46EAF4E}.Debug|x64.ActiveCfg = Debug|x64
		{6756AAEA-CEDB-3E70-B39E-1B8BB46EAF4E}.Debug|x64.Build.0 = Debug|x64
		{6756AAEA-CEDB-3E70-B39E-1B8BB46EAF4E}.Release|x64.ActiveCfg = Release|x64
		{6756AAEA-CEDB-3E70-B39E-1B8BB46EAF4E}.Release|x64.Build.0 = Release|x64
		{6756AAEA-CEDB-3E70-B39E-1B8BB46EAF4E}.MinSizeRel|x64.ActiveCfg = MinSizeRel|x64
		{6756AAEA-CEDB-3E70-B39E-1B8BB46EAF4E}.MinSizeRel|x64.Build.0 = MinSizeRel|x64
		{6756AAEA-CEDB-3E70-B39E-1B8BB46EAF4E}.RelWithDebInfo|x64.ActiveCfg = RelWithDebInfo|x64
		{6756AAEA-CEDB-3E70-B39E-1B8BB46EAF4E}.RelWithDebInfo|x64.Build.0 = RelWithDebInfo|x64
		{8591B249-299A-301F-9FF0-0242E1C97CFC}.Debug|x64.ActiveCfg = Debug|x64
		{8591B249-299A-301F-9FF0-0242E1C97CFC}.Debug|x64.Build.0 = Debug|x64
		{8591B249-299A-301F-9FF0-0242E1C97CFC}.Release|x64.ActiveCfg = Release|x64
		{8591B249-299A-301F-9FF0-0242E1C97CFC}.Release|x64.Build.0 = Release|x64
		{8591B249-299A-301F-9FF0-0242E1C97CFC}.MinSizeRel|x64.ActiveCfg = MinSizeRel|x64
		{8591B249-299A-301F-9FF0-0242E1C97CFC}.MinSizeRel|x64.Build.0 = MinSizeRel|x64
		{8591B249-299A-301F-9FF0-0242E1C97CFC}.RelWithDebInfo|x64.ActiveCfg = RelWithDebInfo|x64
		{8591B249-299A-301F-9FF0-0242E1C97CFC}.RelWithDebInfo|x64.Build.0 = RelWithDebInfo|x64
		{F2C23663-D313-3C79-B068-82737ED70DA3}.Debug|x64.ActiveCfg = Debug|x64
		{F2C23663-D313-3C79-B068-82737ED70DA3}.Debug|x64.Build.0 = Debug|x64
		{F2C23663-D313-3C79-B068-82737ED70DA3}.Release|x64.ActiveCfg = Release|x64
		{F2C23663-D313-3C79-B068-82737ED70DA3}.Release|x64.Build.0 = Release|x64
		{F2C23663-D313-3C79-B068-82737ED70DA3}.MinSizeRel|x64.ActiveCfg = MinSizeRel|x64
		{F2C23663-D313-3C79-B068-82737ED70DA3}.MinSizeRel|x64.Build.0 = MinSizeRel|x64
		{F2C23663-D313-3C79-B068-82737ED70DA3}.RelWithDebInfo|x64.ActiveCfg = RelWithDebInfo|x64
		{F2C23663-D313-3C79-B068-82737ED70DA3}.RelWithDebInfo|x64.Build.0 = RelWithDebInfo|x64
		{3B424849-4087-3801-A4F3-AC74EF93D737}.Debug|x64.ActiveCfg = Debug|x64
		{3B424849-4087-3801-A4F3-AC74EF93D737}.Debug|x64.Build.0 = Debug|x64
		{3B424849-4087-3801-A4F3-AC74EF93D737}.Release|x64.ActiveCfg = Release|x64
		{3B424849-4087-3801-A4F3-AC74EF93D737}.Release|x64.Build.0 = Release|x64
		{3B424849-4087-3801-A4F3-AC74EF93D737}.MinSizeRel|x64.ActiveCfg = MinSizeRel|x64
		{3B424849-4087-3801-A4F3-AC74EF93D737}.MinSizeRel|x64.Build.0 = MinSizeRel|x64
		{3B424849-4087-3801-A4F3-AC74EF93D737}.RelWithDebInfo|x64.ActiveCfg = RelWithDebInfo|x64
		{3B424849-4087-3801-A4F3-AC74EF93D737}.RelWithDebInfo|x64.Build.0 = RelWithDebInfo|x64
		{0FCA1833-51A1-32E4-AED9-4774C91F098E}.Debug|x64.ActiveCfg = Debug|x64
		{0FCA1833-51A1-32E4-AED9-4774C91F098E}.Debug|x64.Build.0 = Debug|x64
		{0FCA1833-51A1-32E4-AED9-4774C91F098E}.Release|x64.ActiveCfg = Release|x64
		{0FCA1833-51A1-32E4-AED9-4774C91F098E}.Release|x64.Build.0 = Release|x64
		{0FCA1833-51A1-32E4-AED9-4774C91F098E}.MinSizeRel|x64.ActiveCfg = MinSizeRel|x64
		{0FCA1833-51A1-32E4-AED9-4774C91F098E}.MinSizeRel|x64.Build.0 = MinSizeRel|x64
		{0FCA1833-51A1-32E4-AED9-4774C91F098E}.RelWithDebInfo|x64.ActiveCfg = RelWithDebInfo|x64
		{0FCA1833-51A1-32E4-AED9-4774C91F098E}.RelWithDebInfo|x64.Build.0 = RelWithDebInfo|x64
		{A68804AB-79B5-3A6E-B07E-2EBE611596A6}.Debug|x64.ActiveCfg = Debug|x64
		{A68804AB-79B5-3A6E-B07E-2EBE611596A6}.Debug|x64.Build.0 = Debug|x64
		{A68804AB-79B5-3A6E-B07E-2EBE611596A6}.Release|x64.ActiveCfg = Release|x64
		{A68804AB-79B5-3A6E-B07E-2EBE611596A6}.Release|x64.Build.0 = Release|x64
		{A68804AB-79B5-3A6E-B07E-2EBE611596A6}.MinSizeRel|x64.ActiveCfg = MinSizeRel|x64
		{A68804AB-79B5-3A6E-B07E-2EBE611596A6}.MinSizeRel|x64.Build.0 = MinSizeRel|x64
		{A68804AB-79B5-3A6E-B07E-2EBE611596A6}.RelWithDebInfo|x64.ActiveCfg = RelWithDebInfo|x64
		{A68804AB-79B5-3A6E-B07E-2EBE611596A6}.RelWithDebInfo|x64.Build.0 = RelWithDebInfo|x64
		{67AC351C-23DC-35F5-87EF-5C8A9CBE2210}.Debug|x64.ActiveCfg = Debug|x64
		{67AC351C-23DC-35F5-87EF-5C8A9CBE2210}.Debug|x64.Build.0 = Debug|x64
		{67AC351C-23DC-35F5-87EF-5C8A9CBE2210}.Release|x64.ActiveCfg = Release|x64
		{67AC351C-23DC-35F5-87EF-5C8A9CBE2210}.Release|x64.Build.0 = Release|x64
		{67AC351C-23DC-35F5-87EF-5C8A9CBE2210}.MinSizeRel|x64.ActiveCfg = MinSizeRel|x64
		{67AC351C-23DC-35F5-87EF-5C8A9CBE2210}.MinSizeRel|x64.Build.0 = MinSizeRel|x64
		{67AC351C-23DC-35F5-87EF-5C8A9CBE2210}.RelWithDebInfo|x64.ActiveCfg = RelWithDebInfo|x64
		{67AC351C-23DC-35F5-87EF-5C8A9CBE2210}.RelWithDebInfo|x64.Build.0 = RelWithDebInfo|x64
		{9F6FBFA1-4A8E-3592-A6D0-DB8DFAB894E6}.Debug|x64.ActiveCfg = Debug|x64
		{9F6FBFA1-4A8E-3592-A6D0-DB8DFAB894E6}.Debug|x64.Build.0 = Debug|x64
		{9F6FBFA1-4A8E-3592-A6D0-DB8DFAB894E6}.Release|x64.ActiveCfg = Release|x64
		{9F6FBFA1-4A8E-3592-A6D0-DB8DFAB894E6}.Release|x64.Build.0 = Release|x64
		{9F6FBFA1-4A8E-3592-A6D0-DB8DFAB894E6}.MinSizeRel|x64.ActiveCfg = MinSizeRel|x64
		{9F6FBFA1-4A8E-3592-A6D0-DB8DFAB894E6}.MinSizeRel|x64.Build.0 = MinSizeRel|x64
		{9F6FBFA1-4A8E-3592-A6D0-DB8DFAB894E6}.RelWithDebInfo|x64.ActiveCfg = RelWithDebInfo|x64
		{9F6FBFA1-4A8E-3592-A6D0-DB8DFAB894E6}.RelWithDebInfo|x64.Build.0 = RelWithDebInfo|x64
		{4BC2C7E9-21FB-3722-8D83-12F506E98DAA}.Debug|x64.ActiveCfg = Debug|x64
		{4BC2C7E9-21FB-3722-8D83-12F506E98DAA}.Debug|x64.Build.0 = Debug|x64
		{4BC2C7E9-21FB-3722-8D83-12F506E98DAA}.Release|x64.ActiveCfg = Release|x64
		{4BC2C7E9-21FB-3722-8D83-12F506E98DAA}.Release|x64.Build.0 = Release|x64
		{4BC2C7E9-21FB-3722-8D83-12F506E98DAA}.MinSizeRel|x64.ActiveCfg = MinSizeRel|x64
		{4BC2C7E9-21FB-3722-8D83-12F506E98DAA}.MinSizeRel|x64.Build.0 = MinSizeRel|x64
		{4BC2C7E9-21FB-3722-8D83-12F506E98DAA}.RelWithDebInfo|x64.ActiveCfg = RelWithDebInfo|x64
		{4BC2C7E9-21FB-3722-8D83-12F506E98DAA}.RelWithDebInfo|x64.Build.0 = RelWithDebInfo|x64
		{4B3F7894-53CC-37F5-8AFC-6056E260B28E}.Debug|x64.ActiveCfg = Debug|x64
		{4B3F7894-53CC-37F5-8AFC-6056E260B28E}.Debug|x64.Build.0 = Debug|x64
		{4B3F7894-53CC-37F5-8AFC-6056E260B28E}.Release|x64.ActiveCfg = Release|x64
		{4B3F7894-53CC-37F5-8AFC-6056E260B28E}.Release|x64.Build.0 = Release|x64
		{4B3F7894-53CC-37F5-8AFC-6056E260B28E}.MinSizeRel|x64.ActiveCfg = MinSizeRel|x64
		{4B3F7894-53CC-37F5-8AFC-6056E260B28E}.MinSizeRel|x64.Build.0 = MinSizeRel|x64
		{4B3F7894-53CC-37F5-8AFC-6056E260B28E}.RelWithDebInfo|x64.ActiveCfg = RelWithDebInfo|x64
		{4B3F7894-53CC-37F5-8AFC-6056E260B28E}.RelWithDebInfo|x64.Build.0 = RelWithDebInfo|x64
		{0BA33E90-3E2D-3D0E-8EFC-842E42D47846}.Debug|x64.ActiveCfg = Debug|x64
		{0BA33E90-3E2D-3D0E-8EFC-842E42D47846}.Debug|x64.Build.0 = Debug|x64
		{0BA33E90-3E2D-3D0E-8EFC-842E42D47846}.Release|x64.ActiveCfg = Release|x64
		{0BA33E90-3E2D-3D0E-8EFC-842E42D47846}.Release|x64.Build.0 = Release|x64
		{0BA33E90-3E2D-3D0E-8EFC-842E42D47846}.MinSizeRel|x64.ActiveCfg = MinSizeRel|x64
		{0BA33E90-3E2D-3D0E-8EFC-842E42D47846}.MinSizeRel|x64.Build.0 = MinSizeRel|x64
		{0BA33E90-3E2D-3D0E-8EFC-842E42D47846}.RelWithDebInfo|x64.ActiveCfg = RelWithDebInfo|x64
		{0BA33E90-3E2D-3D0E-8EFC-842E42D47846}.RelWithDebInfo|x64.Build.0 = RelWithDebInfo|x64
		{C3F0BF61-18D8-30E1-8E19-A10F32B4CE9E}.Debug|x64.ActiveCfg = Debug|x64
		{C3F0BF61-18D8-30E1-8E19-A10F32B4CE9E}.Debug|x64.Build.0 = Debug|x64
		{C3F0BF61-18D8-30E1-8E19-A10F32B4CE9E}.Release|x64.ActiveCfg = Release|x64
		{C3F0BF61-18D8-30E1-8E19-A10F32B4CE9E}.Release|x64.Build.0 = Release|x64
		{C3F0BF61-18D8-30E1-8E19-A10F32B4CE9E}.MinSizeRel|x64.ActiveCfg = MinSizeRel|x64
		{C3F0BF61-18D8-30E1-8E19-A10F32B4CE9E}.MinSizeRel|x64.Build.0 = MinSizeRel|x64
		{C3F0BF61-18D8-30E1-8E19-A10F32B4CE9E}.RelWithDebInfo|x64.ActiveCfg = RelWithDebInfo|x64
		{C3F0BF61-18D8-30E1-8E19-A10F32B4CE9E}.RelWithDebInfo|x64.Build.0 = RelWithDebInfo|x64
		{A5D1A472-CFF7-3E8C-8891-F015C3201D36}.Debug|x64.ActiveCfg = Debug|x64
		{A5D1A472-CFF7-3E8C-8891-F015C3201D36}.Debug|x64.Build.0 = Debug|x64
		{A5D1A472-CFF7-3E8C-8891-F015C3201D36}.Release|x64.ActiveCfg = Release|x64
		{A5D1A472-CFF7-3E8C-8891-F015C3201D36}.Release|x64.Build.0 = Release|x64
		{A5D1A472-CFF7-3E8C-8891-F015C3201D36}.MinSizeRel|x64.ActiveCfg = MinSizeRel|x64
		{A5D1A472-CFF7-3E8C-8891-F015C3201D36}.MinSizeRel|x64.Build.0 = MinSizeRel|x64
		{A5D1A472-CFF7-3E8C-8891-F015C3201D36}.RelWithDebInfo|x64.ActiveCfg = RelWithDebInfo|x64
		{A5D1A472-CFF7-3E8C-8891-F015C3201D36}.RelWithDebInfo|x64.Build.0 = RelWithDebInfo|x64
	EndGlobalSection
	GlobalSection(NestedProjects) = preSolution
		{B4CCE1D2-93D0-3737-8BFC-902BD5E1E61B} = {B343E572-07A1-3B92-9A53-525FF7E6CEFE}
		{A5D1A472-CFF7-3E8C-8891-F015C3201D36} = {B343E572-07A1-3B92-9A53-525FF7E6CEFE}
	EndGlobalSection
	GlobalSection(ExtensibilityGlobals) = postSolution
		SolutionGuid = {DADD534E-EA09-354B-9353-9856DC356AA6}
	EndGlobalSection
	GlobalSection(ExtensibilityAddIns) = postSolution
	EndGlobalSection
EndGlobal
