<?xml version="1.0" encoding="utf-8"?>
<Project ToolsVersion="16.0" xmlns="http://schemas.microsoft.com/developer/msbuild/2003">
  <ItemGroup>
    <ClCompile Include="C:\SAE\SAE921-GRP4100-CPlusPlus-Class-SStyles-SFML\SAE921-GRP4100-SFML\Formative-10.0-Flags\src\main.cpp">
      <Filter>Source Files</Filter>
    </ClCompile>
  </ItemGroup>
  <ItemGroup>
    <CustomBuild Include="C:\SAE\SAE921-GRP4100-CPlusPlus-Class-SStyles-SFML\SAE921-GRP4100-SFML\Formative-10.0-Flags\CMakeLists.txt" />
  </ItemGroup>
  <ItemGroup>
    <Filter Include="Source Files">
      <UniqueIdentifier>{BF628A95-0C34-37BC-87A9-917916F38B2C}</UniqueIdentifier>
    </Filter>
  </ItemGroup>
</Project>
