<?xml version="1.0" encoding="utf-8"?>
<Project ToolsVersion="16.0" xmlns="http://schemas.microsoft.com/developer/msbuild/2003">
  <ItemGroup>
    <CustomBuild Include="C:\SAE\SAE921-GRP4100-CPlusPlus-Class-SStyles-SFML\SAE921-GPR4100-SFML-Build\CMakeFiles\c99e09379b23574c52711fb78bf59f36\music.wav.rule">
      <Filter>CMake Rules</Filter>
    </CustomBuild>
    <CustomBuild Include="C:\SAE\SAE921-GRP4100-CPlusPlus-Class-SStyles-SFML\SAE921-GPR4100-SFML-Build\CMakeFiles\c99e09379b23574c52711fb78bf59f36\soundFx_Laser.wav.rule">
      <Filter>CMake Rules</Filter>
    </CustomBuild>
    <CustomBuild Include="C:\SAE\SAE921-GRP4100-CPlusPlus-Class-SStyles-SFML\SAE921-GPR4100-SFML-Build\CMakeFiles\c99e09379b23574c52711fb78bf59f36\soundFx_Ring.wav.rule">
      <Filter>CMake Rules</Filter>
    </CustomBuild>
    <CustomBuild Include="C:\SAE\SAE921-GRP4100-CPlusPlus-Class-SStyles-SFML\SAE921-GPR4100-SFML-Build\CMakeFiles\7bbc190c9e444e15751dc9a053f942a8\DataTarget-05-Sound.rule">
      <Filter>CMake Rules</Filter>
    </CustomBuild>
    <CustomBuild Include="C:\SAE\SAE921-GRP4100-CPlusPlus-Class-SStyles-SFML\SAE921-GRP4100-SFML\05-Sound\CMakeLists.txt" />
  </ItemGroup>
  <ItemGroup>
    <None Include="C:\SAE\SAE921-GRP4100-CPlusPlus-Class-SStyles-SFML\SAE921-GPR4100-SFML-Build\05-Sound\CMakeFiles\DataTarget-05-Sound" />
  </ItemGroup>
  <ItemGroup>
    <Filter Include="CMake Rules">
      <UniqueIdentifier>{1F355D2A-0572-3633-9EA1-1DB752D68351}</UniqueIdentifier>
    </Filter>
  </ItemGroup>
</Project>
